
Microsoft Visual Studio Solution File, Format Version 12.00
# Visual Studio Version 16
VisualStudioVersion = 16.0.30413.136
MinimumVisualStudioVersion = 10.0.40219.1
Project("{FAE04EC0-301F-11D3-BF4B-00C04F79EFBC}") = "App01_ConsultarCEP.UWP", "App01_ConsultarCEP\App01_ConsultarCEP.UWP\App01_ConsultarCEP.UWP.csproj", "{621793D4-E5D4-4005-821C-88607433BFDF}"
EndProject
Project("{FAE04EC0-301F-11D3-BF4B-00C04F79EFBC}") = "App01_ConsultarCEP.Android", "App01_ConsultarCEP\App01_ConsultarCEP.Android\App01_ConsultarCEP.Android.csproj", "{1F71609E-447D-4A5F-89BF-4D97DC78EB74}"
EndProject
Project("{FAE04EC0-301F-11D3-BF4B-00C04F79EFBC}") = "App01_ConsultarCEP.iOS", "App01_ConsultarCEP\App01_ConsultarCEP.iOS\App01_ConsultarCEP.iOS.csproj", "{4CABF722-09B8-4772-8904-2A182EB84FA0}"
EndProject
Project("{FAE04EC0-301F-11D3-BF4B-00C04F79EFBC}") = "App01_ConsultarCEP", "App01_ConsultarCEP\App01_ConsultarCEP\App01_ConsultarCEP.csproj", "{B669623C-3B5B-4559-88CE-FCDC716684C0}"
EndProject
Global
	GlobalSection(SolutionConfigurationPlatforms) = preSolution
		Debug|Any CPU = Debug|Any CPU
		Debug|ARM = Debug|ARM
		Debug|iPhone = Debug|iPhone
		Debug|iPhoneSimulator = Debug|iPhoneSimulator
		Debug|x64 = Debug|x64
		Debug|x86 = Debug|x86
		Release|Any CPU = Release|Any CPU
		Release|ARM = Release|ARM
		Release|iPhone = Release|iPhone
		Release|iPhoneSimulator = Release|iPhoneSimulator
		Release|x64 = Release|x64
		Release|x86 = Release|x86
	EndGlobalSection
	GlobalSection(ProjectConfigurationPlatforms) = postSolution
		{621793D4-E5D4-4005-821C-88607433BFDF}.Debug|Any CPU.ActiveCfg = Debug|x86
		{621793D4-E5D4-4005-821C-88607433BFDF}.Debug|Any CPU.Build.0 = Debug|x86
		{621793D4-E5D4-4005-821C-88607433BFDF}.Debug|Any CPU.Deploy.0 = Debug|x86
		{621793D4-E5D4-4005-821C-88607433BFDF}.Debug|ARM.ActiveCfg = Debug|ARM
		{621793D4-E5D4-4005-821C-88607433BFDF}.Debug|ARM.Build.0 = Debug|ARM
		{621793D4-E5D4-4005-821C-88607433BFDF}.Debug|ARM.Deploy.0 = Debug|ARM
		{621793D4-E5D4-4005-821C-88607433BFDF}.Debug|iPhone.ActiveCfg = Debug|x86
		{621793D4-E5D4-4005-821C-88607433BFDF}.Debug|iPhone.Build.0 = Debug|x86
		{621793D4-E5D4-4005-821C-88607433BFDF}.Debug|iPhone.Deploy.0 = Debug|x86
		{621793D4-E5D4-4005-821C-88607433BFDF}.Debug|iPhoneSimulator.ActiveCfg = Debug|x86
		{621793D4-E5D4-4005-821C-88607433BFDF}.Debug|iPhoneSimulator.Build.0 = Debug|x86
		{621793D4-E5D4-4005-821C-88607433BFDF}.Debug|iPhoneSimulator.Deploy.0 = Debug|x86
		{621793D4-E5D4-4005-821C-88607433BFDF}.Debug|x64.ActiveCfg = Debug|x64
		{621793D4-E5D4-4005-821C-88607433BFDF}.Debug|x64.Build.0 = Debug|x64
		{621793D4-E5D4-4005-821C-88607433BFDF}.Debug|x64.Deploy.0 = Debug|x64
		{621793D4-E5D4-4005-821C-88607433BFDF}.Debug|x86.ActiveCfg = Debug|x86
		{621793D4-E5D4-4005-821C-88607433BFDF}.Debug|x86.Build.0 = Debug|x86
		{621793D4-E5D4-4005-821C-88607433BFDF}.Debug|x86.Deploy.0 = Debug|x86
		{621793D4-E5D4-4005-821C-88607433BFDF}.Release|Any CPU.ActiveCfg = Release|x86
		{621793D4-E5D4-4005-821C-88607433BFDF}.Release|Any CPU.Build.0 = Release|x86
		{621793D4-E5D4-4005-821C-88607433BFDF}.Release|Any CPU.Deploy.0 = Release|x86
		{621793D4-E5D4-4005-821C-88607433BFDF}.Release|ARM.ActiveCfg = Release|ARM
		{621793D4-E5D4-4005-821C-88607433BFDF}.Release|ARM.Build.0 = Release|ARM
		{621793D4-E5D4-4005-821C-88607433BFDF}.Release|ARM.Deploy.0 = Release|ARM
		{621793D4-E5D4-4005-821C-88607433BFDF}.Release|iPhone.ActiveCfg = Release|x86
		{621793D4-E5D4-4005-821C-88607433BFDF}.Release|iPhone.Build.0 = Release|x86
		{621793D4-E5D4-4005-821C-88607433BFDF}.Release|iPhone.Deploy.0 = Release|x86
		{621793D4-E5D4-4005-821C-88607433BFDF}.Release|iPhoneSimulator.ActiveCfg = Release|x86
		{621793D4-E5D4-4005-821C-88607433BFDF}.Release|iPhoneSimulator.Build.0 = Release|x86
		{621793D4-E5D4-4005-821C-88607433BFDF}.Release|iPhoneSimulator.Deploy.0 = Release|x86
		{621793D4-E5D4-4005-821C-88607433BFDF}.Release|x64.ActiveCfg = Release|x64
		{621793D4-E5D4-4005-821C-88607433BFDF}.Release|x64.Build.0 = Release|x64
		{621793D4-E5D4-4005-821C-88607433BFDF}.Release|x64.Deploy.0 = Release|x64
		{621793D4-E5D4-4005-821C-88607433BFDF}.Release|x86.ActiveCfg = Release|x86
		{621793D4-E5D4-4005-821C-88607433BFDF}.Release|x86.Build.0 = Release|x86
		{621793D4-E5D4-4005-821C-88607433BFDF}.Release|x86.Deploy.0 = Release|x86
		{1F71609E-447D-4A5F-89BF-4D97DC78EB74}.Debug|Any CPU.ActiveCfg = Debug|Any CPU
		{1F71609E-447D-4A5F-89BF-4D97DC78EB74}.Debug|Any CPU.Build.0 = Debug|Any CPU
		{1F71609E-447D-4A5F-89BF-4D97DC78EB74}.Debug|Any CPU.Deploy.0 = Debug|Any CPU
		{1F71609E-447D-4A5F-89BF-4D97DC78EB74}.Debug|ARM.ActiveCfg = Debug|Any CPU
		{1F71609E-447D-4A5F-89BF-4D97DC78EB74}.Debug|ARM.Build.0 = Debug|Any CPU
		{1F71609E-447D-4A5F-89BF-4D97DC78EB74}.Debug|ARM.Deploy.0 = Debug|Any CPU
		{1F71609E-447D-4A5F-89BF-4D97DC78EB74}.Debug|iPhone.ActiveCfg = Debug|Any CPU
		{1F71609E-447D-4A5F-89BF-4D97DC78EB74}.Debug|iPhone.Build.0 = Debug|Any CPU
		{1F71609E-447D-4A5F-89BF-4D97DC78EB74}.Debug|iPhone.Deploy.0 = Debug|Any CPU
		{1F71609E-447D-4A5F-89BF-4D97DC78EB74}.Debug|iPhoneSimulator.ActiveCfg = Debug|Any CPU
		{1F71609E-447D-4A5F-89BF-4D97DC78EB74}.Debug|iPhoneSimulator.Build.0 = Debug|Any CPU
		{1F71609E-447D-4A5F-89BF-4D97DC78EB74}.Debug|iPhoneSimulator.Deploy.0 = Debug|Any CPU
		{1F71609E-447D-4A5F-89BF-4D97DC78EB74}.Debug|x64.ActiveCfg = Debug|Any CPU
		{1F71609E-447D-4A5F-89BF-4D97DC78EB74}.Debug|x64.Build.0 = Debug|Any CPU
		{1F71609E-447D-4A5F-89BF-4D97DC78EB74}.Debug|x64.Deploy.0 = Debug|Any CPU
		{1F71609E-447D-4A5F-89BF-4D97DC78EB74}.Debug|x86.ActiveCfg = Debug|Any CPU
		{1F71609E-447D-4A5F-89BF-4D97DC78EB74}.Debug|x86.Build.0 = Debug|Any CPU
		{1F71609E-447D-4A5F-89BF-4D97DC78EB74}.Debug|x86.Deploy.0 = Debug|Any CPU
		{1F71609E-447D-4A5F-89BF-4D97DC78EB74}.Release|Any CPU.ActiveCfg = Release|Any CPU
		{1F71609E-447D-4A5F-89BF-4D97DC78EB74}.Release|Any CPU.Build.0 = Release|Any CPU
		{1F71609E-447D-4A5F-89BF-4D97DC78EB74}.Release|Any CPU.Deploy.0 = Release|Any CPU
		{1F71609E-447D-4A5F-89BF-4D97DC78EB74}.Release|ARM.ActiveCfg = Release|Any CPU
		{1F71609E-447D-4A5F-89BF-4D97DC78EB74}.Release|ARM.Build.0 = Release|Any CPU
		{1F71609E-447D-4A5F-89BF-4D97DC78EB74}.Release|ARM.Deploy.0 = Release|Any CPU
		{1F71609E-447D-4A5F-89BF-4D97DC78EB74}.Release|iPhone.ActiveCfg = Release|Any CPU
		{1F71609E-447D-4A5F-89BF-4D97DC78EB74}.Release|iPhone.Build.0 = Release|Any CPU
		{1F71609E-447D-4A5F-89BF-4D97DC78EB74}.Release|iPhone.Deploy.0 = Release|Any CPU
		{1F71609E-447D-4A5F-89BF-4D97DC78EB74}.Release|iPhoneSimulator.ActiveCfg = Release|Any CPU
		{1F71609E-447D-4A5F-89BF-4D97DC78EB74}.Release|iPhoneSimulator.Build.0 = Release|Any CPU
		{1F71609E-447D-4A5F-89BF-4D97DC78EB74}.Release|iPhoneSimulator.Deploy.0 = Release|Any CPU
		{1F71609E-447D-4A5F-89BF-4D97DC78EB74}.Release|x64.ActiveCfg = Release|Any CPU
		{1F71609E-447D-4A5F-89BF-4D97DC78EB74}.Release|x64.Build.0 = Release|Any CPU
		{1F71609E-447D-4A5F-89BF-4D97DC78EB74}.Release|x64.Deploy.0 = Release|Any CPU
		{1F71609E-447D-4A5F-89BF-4D97DC78EB74}.Release|x86.ActiveCfg = Release|Any CPU
		{1F71609E-447D-4A5F-89BF-4D97DC78EB74}.Release|x86.Build.0 = Release|Any CPU
		{1F71609E-447D-4A5F-89BF-4D97DC78EB74}.Release|x86.Deploy.0 = Release|Any CPU
		{4CABF722-09B8-4772-8904-2A182EB84FA0}.Debug|Any CPU.ActiveCfg = Debug|iPhone
		{4CABF722-09B8-4772-8904-2A182EB84FA0}.Debug|Any CPU.Build.0 = Debug|iPhone
		{4CABF722-09B8-4772-8904-2A182EB84FA0}.Debug|Any CPU.Deploy.0 = Debug|iPhone
		{4CABF722-09B8-4772-8904-2A182EB84FA0}.Debug|ARM.ActiveCfg = Debug|iPhone
		{4CABF722-09B8-4772-8904-2A182EB84FA0}.Debug|ARM.Build.0 = Debug|iPhone
		{4CABF722-09B8-4772-8904-2A182EB84FA0}.Debug|ARM.Deploy.0 = Debug|iPhone
		{4CABF722-09B8-4772-8904-2A182EB84FA0}.Debug|iPhone.ActiveCfg = Debug|iPhone
		{4CABF722-09B8-4772-8904-2A182EB84FA0}.Debug|iPhone.Build.0 = Debug|iPhone
		{4CABF722-09B8-4772-8904-2A182EB84FA0}.Debug|iPhone.Deploy.0 = Debug|iPhone
		{4CABF722-09B8-4772-8904-2A182EB84FA0}.Debug|iPhoneSimulator.ActiveCfg = Debug|iPhoneSimulator
		{4CABF722-09B8-4772-8904-2A182EB84FA0}.Debug|iPhoneSimulator.Build.0 = Debug|iPhoneSimulator
		{4CABF722-09B8-4772-8904-2A182EB84FA0}.Debug|iPhoneSimulator.Deploy.0 = Debug|iPhoneSimulator
		{4CABF722-09B8-4772-8904-2A182EB84FA0}.Debug|x64.ActiveCfg = Debug|iPhone
		{4CABF722-09B8-4772-8904-2A182EB84FA0}.Debug|x64.Build.0 = Debug|iPhone
		{4CABF722-09B8-4772-8904-2A182EB84FA0}.Debug|x64.Deploy.0 = Debug|iPhone
		{4CABF722-09B8-4772-8904-2A182EB84FA0}.Debug|x86.ActiveCfg = Debug|iPhone
		{4CABF722-09B8-4772-8904-2A182EB84FA0}.Debug|x86.Build.0 = Debug|iPhone
		{4CABF722-09B8-4772-8904-2A182EB84FA0}.Debug|x86.Deploy.0 = Debug|iPhone
		{4CABF722-09B8-4772-8904-2A182EB84FA0}.Release|Any CPU.ActiveCfg = Release|iPhone
		{4CABF722-09B8-4772-8904-2A182EB84FA0}.Release|Any CPU.Build.0 = Release|iPhone
		{4CABF722-09B8-4772-8904-2A182EB84FA0}.Release|Any CPU.Deploy.0 = Release|iPhone
		{4CABF722-09B8-4772-8904-2A182EB84FA0}.Release|ARM.ActiveCfg = Release|iPhone
		{4CABF722-09B8-4772-8904-2A182EB84FA0}.Release|ARM.Build.0 = Release|iPhone
		{4CABF722-09B8-4772-8904-2A182EB84FA0}.Release|ARM.Deploy.0 = Release|iPhone
		{4CABF722-09B8-4772-8904-2A182EB84FA0}.Release|iPhone.ActiveCfg = Release|iPhone
		{4CABF722-09B8-4772-8904-2A182EB84FA0}.Release|iPhone.Build.0 = Release|iPhone
		{4CABF722-09B8-4772-8904-2A182EB84FA0}.Release|iPhone.Deploy.0 = Release|iPhone
		{4CABF722-09B8-4772-8904-2A182EB84FA0}.Release|iPhoneSimulator.ActiveCfg = Release|iPhoneSimulator
		{4CABF722-09B8-4772-8904-2A182EB84FA0}.Release|iPhoneSimulator.Build.0 = Release|iPhoneSimulator
		{4CABF722-09B8-4772-8904-2A182EB84FA0}.Release|iPhoneSimulator.Deploy.0 = Release|iPhoneSimulator
		{4CABF722-09B8-4772-8904-2A182EB84FA0}.Release|x64.ActiveCfg = Release|iPhone
		{4CABF722-09B8-4772-8904-2A182EB84FA0}.Release|x64.Build.0 = Release|iPhone
		{4CABF722-09B8-4772-8904-2A182EB84FA0}.Release|x64.Deploy.0 = Release|iPhone
		{4CABF722-09B8-4772-8904-2A182EB84FA0}.Release|x86.ActiveCfg = Release|iPhone
		{4CABF722-09B8-4772-8904-2A182EB84FA0}.Release|x86.Build.0 = Release|iPhone
		{4CABF722-09B8-4772-8904-2A182EB84FA0}.Release|x86.Deploy.0 = Release|iPhone
		{B669623C-3B5B-4559-88CE-FCDC716684C0}.Debug|Any CPU.ActiveCfg = Debug|Any CPU
		{B669623C-3B5B-4559-88CE-FCDC716684C0}.Debug|Any CPU.Build.0 = Debug|Any CPU
		{B669623C-3B5B-4559-88CE-FCDC716684C0}.Debug|Any CPU.Deploy.0 = Debug|Any CPU
		{B669623C-3B5B-4559-88CE-FCDC716684C0}.Debug|ARM.ActiveCfg = Debug|Any CPU
		{B669623C-3B5B-4559-88CE-FCDC716684C0}.Debug|ARM.Build.0 = Debug|Any CPU
		{B669623C-3B5B-4559-88CE-FCDC716684C0}.Debug|ARM.Deploy.0 = Debug|Any CPU
		{B669623C-3B5B-4559-88CE-FCDC716684C0}.Debug|iPhone.ActiveCfg = Debug|Any CPU
		{B669623C-3B5B-4559-88CE-FCDC716684C0}.Debug|iPhone.Build.0 = Debug|Any CPU
		{B669623C-3B5B-4559-88CE-FCDC716684C0}.Debug|iPhone.Deploy.0 = Debug|Any CPU
		{B669623C-3B5B-4559-88CE-FCDC716684C0}.Debug|iPhoneSimulator.ActiveCfg = Debug|Any CPU
		{B669623C-3B5B-4559-88CE-FCDC716684C0}.Debug|iPhoneSimulator.Build.0 = Debug|Any CPU
		{B669623C-3B5B-4559-88CE-FCDC716684C0}.Debug|iPhoneSimulator.Deploy.0 = Debug|Any CPU
		{B669623C-3B5B-4559-88CE-FCDC716684C0}.Debug|x64.ActiveCfg = Debug|Any CPU
		{B669623C-3B5B-4559-88CE-FCDC716684C0}.Debug|x64.Build.0 = Debug|Any CPU
		{B669623C-3B5B-4559-88CE-FCDC716684C0}.Debug|x64.Deploy.0 = Debug|Any CPU
		{B669623C-3B5B-4559-88CE-FCDC716684C0}.Debug|x86.ActiveCfg = Debug|Any CPU
		{B669623C-3B5B-4559-88CE-FCDC716684C0}.Debug|x86.Build.0 = Debug|Any CPU
		{B669623C-3B5B-4559-88CE-FCDC716684C0}.Debug|x86.Deploy.0 = Debug|Any CPU
		{B669623C-3B5B-4559-88CE-FCDC716684C0}.Release|Any CPU.ActiveCfg = Release|Any CPU
		{B669623C-3B5B-4559-88CE-FCDC716684C0}.Release|Any CPU.Build.0 = Release|Any CPU
		{B669623C-3B5B-4559-88CE-FCDC716684C0}.Release|Any CPU.Deploy.0 = Release|Any CPU
		{B669623C-3B5B-4559-88CE-FCDC716684C0}.Release|ARM.ActiveCfg = Release|Any CPU
		{B669623C-3B5B-4559-88CE-FCDC716684C0}.Release|ARM.Build.0 = Release|Any CPU
		{B669623C-3B5B-4559-88CE-FCDC716684C0}.Release|ARM.Deploy.0 = Release|Any CPU
		{B669623C-3B5B-4559-88CE-FCDC716684C0}.Release|iPhone.ActiveCfg = Release|Any CPU
		{B669623C-3B5B-4559-88CE-FCDC716684C0}.Release|iPhone.Build.0 = Release|Any CPU
		{B669623C-3B5B-4559-88CE-FCDC716684C0}.Release|iPhone.Deploy.0 = Release|Any CPU
		{B669623C-3B5B-4559-88CE-FCDC716684C0}.Release|iPhoneSimulator.ActiveCfg = Release|Any CPU
		{B669623C-3B5B-4559-88CE-FCDC716684C0}.Release|iPhoneSimulator.Build.0 = Release|Any CPU
		{B669623C-3B5B-4559-88CE-FCDC716684C0}.Release|iPhoneSimulator.Deploy.0 = Release|Any CPU
		{B669623C-3B5B-4559-88CE-FCDC716684C0}.Release|x64.ActiveCfg = Release|Any CPU
		{B669623C-3B5B-4559-88CE-FCDC716684C0}.Release|x64.Build.0 = Release|Any CPU
		{B669623C-3B5B-4559-88CE-FCDC716684C0}.Release|x64.Deploy.0 = Release|Any CPU
		{B669623C-3B5B-4559-88CE-FCDC716684C0}.Release|x86.ActiveCfg = Release|Any CPU
		{B669623C-3B5B-4559-88CE-FCDC716684C0}.Release|x86.Build.0 = Release|Any CPU
		{B669623C-3B5B-4559-88CE-FCDC716684C0}.Release|x86.Deploy.0 = Release|Any CPU
	EndGlobalSection
	GlobalSection(SolutionProperties) = preSolution
		HideSolutionNode = FALSE
	EndGlobalSection
	GlobalSection(ExtensibilityGlobals) = postSolution
		SolutionGuid = {84E63F50-A694-429F-9048-67AF4AA16F49}
	EndGlobalSection
EndGlobal
